
Microsoft Visual Studio Solution File, Format Version 12.00
# Visual Studio Version 16
VisualStudioVersion = 16.0.30907.101
MinimumVisualStudioVersion = 10.0.40219.1
Project("{9A19103F-16F7-4668-BE54-9A1E7A4F7556}") = "SmartsheetsPIF2", "SmartsheetsPIF2\SmartsheetsPIF2.csproj", "{B340F9C7-87E6-49DC-995C-60EFBE2337A7}"
EndProject
Global
	GlobalSection(SolutionConfigurationPlatforms) = preSolution
		Debug|Any CPU = Debug|Any CPU
		Release|Any CPU = Release|Any CPU
	EndGlobalSection
	GlobalSection(ProjectConfigurationPlatforms) = postSolution
		{B340F9C7-87E6-49DC-995C-60EFBE2337A7}.Debug|Any CPU.ActiveCfg = Debug|Any CPU
		{B340F9C7-87E6-49DC-995C-60EFBE2337A7}.Debug|Any CPU.Build.0 = Debug|Any CPU
		{B340F9C7-87E6-49DC-995C-60EFBE2337A7}.Release|Any CPU.ActiveCfg = Release|Any CPU
		{B340F9C7-87E6-49DC-995C-60EFBE2337A7}.Release|Any CPU.Build.0 = Release|Any CPU
	EndGlobalSection
	GlobalSection(SolutionProperties) = preSolution
		HideSolutionNode = FALSE
	EndGlobalSection
	GlobalSection(ExtensibilityGlobals) = postSolution
		SolutionGuid = {DF626A1D-53E9-495F-BE08-08584DBA6A72}
	EndGlobalSection
EndGlobal
